# THIS IS AN AUTOGENERATED FILE. DO NOT EDIT THIS FILE DIRECTLY.
# yarn lockfile v1


"@codemirror/autocomplete@^0.19.0":
  version "0.19.12"
  resolved "https://registry.yarnpkg.com/@codemirror/autocomplete/-/autocomplete-0.19.12.tgz#4c9e4487b45e6877807e4f16c1fffd5e7639ae52"
  integrity sha512-zUQYo5gMdv7vhxlKoAY/vnNCGzlE9AU7+P649v3ovpQpoFdo3U1Nt01EJqFb4Sfaw6l1U/Elc9Iksd1lDy+MVw==
  dependencies:
    "@codemirror/language" "^0.19.0"
    "@codemirror/state" "^0.19.4"
    "@codemirror/text" "^0.19.2"
    "@codemirror/tooltip" "^0.19.12"
    "@codemirror/view" "^0.19.0"
    "@lezer/common" "^0.15.0"

"@codemirror/closebrackets@^0.19.0":
  version "0.19.0"
  resolved "https://registry.yarnpkg.com/@codemirror/closebrackets/-/closebrackets-0.19.0.tgz#69fdcee85779d638a00a42becd9f53a33a26d77f"
  integrity sha512-dFWX5OEVYWRNtGaifSbwIAlymnRRjxWMiMbffbAjF7p0zfGHDbdGkiT56q3Xud63h5/tQdSo5dK1iyNTzHz5vg==
  dependencies:
    "@codemirror/language" "^0.19.0"
    "@codemirror/rangeset" "^0.19.0"
    "@codemirror/state" "^0.19.0"
    "@codemirror/text" "^0.19.0"
    "@codemirror/view" "^0.19.0"

"@codemirror/commands@^0.19.0":
  version "0.19.8"
  resolved "https://registry.yarnpkg.com/@codemirror/commands/-/commands-0.19.8.tgz#1f99c1a8bf200d17c4d6997379099459f3678107"
  integrity sha512-65LIMSGUGGpY3oH6mzV46YWRrgao6NmfJ+AuC7jNz3K5NPnH6GCV1H5I6SwOFyVbkiygGyd0EFwrWqywTBD1aw==
  dependencies:
    "@codemirror/language" "^0.19.0"
    "@codemirror/matchbrackets" "^0.19.0"
    "@codemirror/state" "^0.19.2"
    "@codemirror/text" "^0.19.6"
    "@codemirror/view" "^0.19.22"
    "@lezer/common" "^0.15.0"

"@codemirror/comment@^0.19.0":
  version "0.19.0"
  resolved "https://registry.yarnpkg.com/@codemirror/comment/-/comment-0.19.0.tgz#4f23497924e9346898c2e0123011acc535a0bea6"
  integrity sha512-3hqAd0548fxqOBm4khFMcXVIivX8p0bSlbAuZJ6PNoUn/0wXhxkxowPp0FmFzU2+y37Z+ZQF5cRB5EREWPRIiQ==
  dependencies:
    "@codemirror/state" "^0.19.0"
    "@codemirror/text" "^0.19.0"
    "@codemirror/view" "^0.19.0"

"@codemirror/gutter@^0.19.0", "@codemirror/gutter@^0.19.4":
  version "0.19.9"
  resolved "https://registry.yarnpkg.com/@codemirror/gutter/-/gutter-0.19.9.tgz#bbb69f4d49570d9c1b3f3df5d134980c516cd42b"
  integrity sha512-PFrtmilahin1g6uL27aG5tM/rqR9DZzZYZsIrCXA5Uc2OFTFqx4owuhoU9hqfYxHp5ovfvBwQ+txFzqS4vog6Q==
  dependencies:
    "@codemirror/rangeset" "^0.19.0"
    "@codemirror/state" "^0.19.0"
    "@codemirror/view" "^0.19.23"

"@codemirror/highlight@^0.19.0", "@codemirror/highlight@^0.19.6", "@codemirror/highlight@^0.19.7":
  version "0.19.7"
  resolved "https://registry.yarnpkg.com/@codemirror/highlight/-/highlight-0.19.7.tgz#91a0c9994c759f5f153861e3aae74ff9e7c7c35b"
  integrity sha512-3W32hBCY0pbbv/xidismw+RDMKuIag+fo4kZIbD7WoRj+Ttcaxjf+vP6RttRHXLaaqbWh031lTeON8kMlDhMYw==
  dependencies:
    "@codemirror/language" "^0.19.0"
    "@codemirror/rangeset" "^0.19.0"
    "@codemirror/state" "^0.19.3"
    "@codemirror/view" "^0.19.0"
    "@lezer/common" "^0.15.0"
    style-mod "^4.0.0"

"@codemirror/history@^0.19.0":
  version "0.19.2"
  resolved "https://registry.yarnpkg.com/@codemirror/history/-/history-0.19.2.tgz#25e3fda755f77ac1223a6ae6e9d7899f5919265e"
  integrity sha512-unhP4t3N2smzmHoo/Yio6ueWi+il8gm9VKrvi6wlcdGH5fOfVDNkmjHQ495SiR+EdOG35+3iNebSPYww0vN7ow==
  dependencies:
    "@codemirror/state" "^0.19.2"
    "@codemirror/view" "^0.19.0"

"@codemirror/lang-css@^0.19.0":
  version "0.19.3"
  resolved "https://registry.yarnpkg.com/@codemirror/lang-css/-/lang-css-0.19.3.tgz#7a17adf78c6fcdab4ad5ee4e360631c41e949e4a"
  integrity sha512-tyCUJR42/UlfOPLb94/p7dN+IPsYSIzHbAHP2KQHANj0I+Orqp+IyIOS++M8TuCX4zkWh9dvi8s92yy/Tn8Ifg==
  dependencies:
    "@codemirror/autocomplete" "^0.19.0"
    "@codemirror/highlight" "^0.19.6"
    "@codemirror/language" "^0.19.0"
    "@codemirror/state" "^0.19.0"
    "@lezer/css" "^0.15.2"

"@codemirror/lang-javascript@^0.19.0":
  version "0.19.7"
  resolved "https://registry.yarnpkg.com/@codemirror/lang-javascript/-/lang-javascript-0.19.7.tgz#84581ef6abf2a16d78f017ffc96c2d6227de5eb5"
  integrity sha512-DL9f3JLqOEHH9cIwEqqjnP5bkjdVXeECksLtV+/MbPm+l4H+AG+PkwZaJQ2oR1GfPZKh8MVSIE94aGWNkJP8WQ==
  dependencies:
    "@codemirror/autocomplete" "^0.19.0"
    "@codemirror/highlight" "^0.19.7"
    "@codemirror/language" "^0.19.0"
    "@codemirror/lint" "^0.19.0"
    "@codemirror/state" "^0.19.0"
    "@codemirror/view" "^0.19.0"
    "@lezer/javascript" "^0.15.1"

"@codemirror/language@^0.19.0":
  version "0.19.7"
  resolved "https://registry.yarnpkg.com/@codemirror/language/-/language-0.19.7.tgz#9eef8e827692d93a701b18db9d46a42be34ecca6"
  integrity sha512-pNNUtYWMIMG0lUSKyUXJr8U0rFiCKsKFXbA2Oj17PC+S1FY99hV0z1vcntW67ekAIZw9DMEUQnLsKBuIbAUX7Q==
  dependencies:
    "@codemirror/state" "^0.19.0"
    "@codemirror/text" "^0.19.0"
    "@codemirror/view" "^0.19.0"
    "@lezer/common" "^0.15.5"
    "@lezer/lr" "^0.15.0"

"@codemirror/lint@^0.19.0":
  version "0.19.3"
  resolved "https://registry.yarnpkg.com/@codemirror/lint/-/lint-0.19.3.tgz#84101d0967fea8df114a8f0f79965c22ccd3b3cc"
  integrity sha512-+c39s05ybD2NjghxkPFsUbH/qBL0cdzKmtHbzUm0RVspeL2OiP7uHYJ6J5+Qr9RjMIPWzcqSauRqxfmCrctUfg==
  dependencies:
    "@codemirror/gutter" "^0.19.4"
    "@codemirror/panel" "^0.19.0"
    "@codemirror/rangeset" "^0.19.1"
    "@codemirror/state" "^0.19.4"
    "@codemirror/tooltip" "^0.19.5"
    "@codemirror/view" "^0.19.0"
    crelt "^1.0.5"

"@codemirror/matchbrackets@^0.19.0":
  version "0.19.4"
  resolved "https://registry.yarnpkg.com/@codemirror/matchbrackets/-/matchbrackets-0.19.4.tgz#50b5188eb2d53f32598dca906bf5fd66626a9ebc"
  integrity sha512-VFkaOKPNudAA5sGP1zikRHCEKU0hjYmkKpr04pybUpQvfTvNJXlReCyP0rvH/1iEwAGPL990ZTT+QrLdu4MeEA==
  dependencies:
    "@codemirror/language" "^0.19.0"
    "@codemirror/state" "^0.19.0"
    "@codemirror/view" "^0.19.0"
    "@lezer/common" "^0.15.0"

"@codemirror/panel@^0.19.0":
  version "0.19.1"
  resolved "https://registry.yarnpkg.com/@codemirror/panel/-/panel-0.19.1.tgz#bf77d27b962cf16357139e50864d0eb69d634441"
  integrity sha512-sYeOCMA3KRYxZYJYn5PNlt9yNsjy3zTNTrbYSfVgjgL9QomIVgOJWPO5hZ2sTN8lufO6lw0vTBsIPL9MSidmBg==
  dependencies:
    "@codemirror/state" "^0.19.0"
    "@codemirror/view" "^0.19.0"

"@codemirror/rangeset@^0.19.0", "@codemirror/rangeset@^0.19.1", "@codemirror/rangeset@^0.19.5":
  version "0.19.6"
  resolved "https://registry.yarnpkg.com/@codemirror/rangeset/-/rangeset-0.19.6.tgz#2562850cb4ce7dd30088f4d13a13860b67e7d384"
  integrity sha512-wYtgGnW2Jtrh2nj7vpcBoEZib+jfyilrLN6w7YMTzzSRN8xXhYRorOUg4VQIa1JwFcMQrjSCkIdqXsDqOX1cYg==
  dependencies:
    "@codemirror/state" "^0.19.0"

"@codemirror/state@^0.19.0", "@codemirror/state@^0.19.2", "@codemirror/state@^0.19.3", "@codemirror/state@^0.19.4":
  version "0.19.7"
  resolved "https://registry.yarnpkg.com/@codemirror/state/-/state-0.19.7.tgz#32ab9913d8db89b9518d43de1e85f6e270b0869d"
  integrity sha512-UB7OqJSiUZXmwbsBu7wRoMBrXwOHwSs1J9RORB2oz0oA5LfPVbLYIKl5223qCcSSKoM5cSc3bWpMUaHo8WOVnA==
  dependencies:
    "@codemirror/text" "^0.19.0"

"@codemirror/text@^0.19.0", "@codemirror/text@^0.19.2", "@codemirror/text@^0.19.6":
  version "0.19.6"
  resolved "https://registry.yarnpkg.com/@codemirror/text/-/text-0.19.6.tgz#9adcbd8137f69b75518eacd30ddb16fd67bbac45"
  integrity sha512-T9jnREMIygx+TPC1bOuepz18maGq/92q2a+n4qTqObKwvNMg+8cMTslb8yxeEDEq7S3kpgGWxgO1UWbQRij0dA==

"@codemirror/theme-one-dark@^0.19.0":
  version "0.19.1"
  resolved "https://registry.yarnpkg.com/@codemirror/theme-one-dark/-/theme-one-dark-0.19.1.tgz#648b9cbe37186a2b7bd2a83fb483dc7aa18ce218"
  integrity sha512-8gc4c2k2o/EhyHoWkghCxp5vyDT96JaFGtRy35PHwIom0LZdx7aU4AbDUnITvwiFB+0+i54VO+WQjBqgTyJvqg==
  dependencies:
    "@codemirror/highlight" "^0.19.0"
    "@codemirror/state" "^0.19.0"
    "@codemirror/view" "^0.19.0"

"@codemirror/tooltip@^0.19.12", "@codemirror/tooltip@^0.19.5":
  version "0.19.13"
  resolved "https://registry.yarnpkg.com/@codemirror/tooltip/-/tooltip-0.19.13.tgz#4af381aead14d9d7091258bdd6a5de7dc5f56915"
  integrity sha512-7vgvjQjwFQ9hPejw2s+w3UR1XAYjQ5M0F9HRwutXkZHP1tBFV7LnNJ3xBD7F9SR9kAh8WgdL3BpUsEwX1aqoQg==
  dependencies:
    "@codemirror/state" "^0.19.0"
    "@codemirror/view" "^0.19.0"

"@codemirror/view@^0.19.0", "@codemirror/view@^0.19.22", "@codemirror/view@^0.19.23", "@codemirror/view@^0.19.31":
  version "0.19.42"
  resolved "https://registry.yarnpkg.com/@codemirror/view/-/view-0.19.42.tgz#5170a2f81bb781a1fe9e33f3ab13954ca25a7b18"
  integrity sha512-sGpuHYesqNThkAdJHTf4BO0hBeYnAHwamnCGkM6a2G/W5svRJGsFb5Vk/LQPQurDKK9V5fBTRqXH8nKGrIszng==
  dependencies:
    "@codemirror/rangeset" "^0.19.5"
    "@codemirror/state" "^0.19.3"
    "@codemirror/text" "^0.19.0"
    style-mod "^4.0.0"
    w3c-keyname "^2.2.4"

"@lezer/common@^0.15.0", "@lezer/common@^0.15.5":
  version "0.15.11"
  resolved "https://registry.yarnpkg.com/@lezer/common/-/common-0.15.11.tgz#965b5067036305f12e8a3efc344076850be1d3a8"
  integrity sha512-vv0nSdIaVCRcJ8rPuDdsrNVfBOYe/4Szr/LhF929XyDmBndLDuWiCCHooGlGlJfzELyO608AyDhVsuX/ZG36NA==

"@lezer/css@^0.15.2":
  version "0.15.2"
  resolved "https://registry.yarnpkg.com/@lezer/css/-/css-0.15.2.tgz#e96995da67df90bb4b191aaa8a486349cca5d8e7"
  integrity sha512-tnMOMZY0Zs6JQeVjqfmREYMV0GnmZR1NitndLWioZMD6mA7VQF/PPKPmJX1f+ZgVZQc5Am0df9mX3aiJnNJlKQ==
  dependencies:
    "@lezer/lr" "^0.15.0"

"@lezer/javascript@^0.15.1":
  version "0.15.3"
  resolved "https://registry.yarnpkg.com/@lezer/javascript/-/javascript-0.15.3.tgz#833a4c5650bae07805b9af88de6706368844dc55"
  integrity sha512-8jA2NpOfpWwSPZxRhd9BxK2ZPvGd7nLE3LFTJ5AbMhXAzMHeMjneV6GEVd7dAIee85dtap0jdb6bgOSO0+lfwA==
  dependencies:
    "@lezer/lr" "^0.15.0"

"@lezer/lr@^0.15.0":
  version "0.15.8"
  resolved "https://registry.yarnpkg.com/@lezer/lr/-/lr-0.15.8.tgz#1564a911e62b0a0f75ca63794a6aa8c5dc63db21"
  integrity sha512-bM6oE6VQZ6hIFxDNKk8bKPa14hqFrV07J/vHGOeiAbJReIaQXmkVb6xQu4MR+JBTLa5arGRyAAjJe1qaQt3Uvg==
  dependencies:
    "@lezer/common" "^0.15.0"

crelt@^1.0.5:
  version "1.0.5"
  resolved "https://registry.yarnpkg.com/crelt/-/crelt-1.0.5.tgz#57c0d52af8c859e354bace1883eb2e1eb182bb94"
  integrity sha512-+BO9wPPi+DWTDcNYhr/W90myha8ptzftZT+LwcmUbbok0rcP/fequmFYCw8NMoH7pkAZQzU78b3kYrlua5a9eA==

style-mod@^4.0.0:
  version "4.0.0"
  resolved "https://registry.yarnpkg.com/style-mod/-/style-mod-4.0.0.tgz#97e7c2d68b592975f2ca7a63d0dd6fcacfe35a01"
  integrity sha512-OPhtyEjyyN9x3nhPsu76f52yUGXiZcgvsrFVtvTkyGRQJ0XK+GPc6ov1z+lRpbeabka+MYEQxOYRnt5nF30aMw==

w3c-keyname@^2.2.4:
  version "2.2.4"
  resolved "https://registry.yarnpkg.com/w3c-keyname/-/w3c-keyname-2.2.4.tgz#4ade6916f6290224cdbd1db8ac49eab03d0eef6b"
  integrity sha512-tOhfEwEzFLJzf6d1ZPkYfGj+FWhIpBux9ppoP3rlclw3Z0BZv3N7b7030Z1kYth+6rDuAsXUFr+d0VE6Ed1ikw==
